
Microsoft Visual Studio Solution File, Format Version 12.00
Project("{FAE04EC0-301F-11D3-BF4B-00C04F79EFBC}") = "EquipmentRental", "EquipmentRental\EquipmentRental.csproj", "{38130202-C00E-40D6-B462-5750D57C4598}"
EndProject
Global
	GlobalSection(SolutionConfigurationPlatforms) = preSolution
		Debug|Any CPU = Debug|Any CPU
		Release|Any CPU = Release|Any CPU
	EndGlobalSection
	GlobalSection(ProjectConfigurationPlatforms) = postSolution
		{38130202-C00E-40D6-B462-5750D57C4598}.Debug|Any CPU.ActiveCfg = Debug|Any CPU
		{38130202-C00E-40D6-B462-5750D57C4598}.Debug|Any CPU.Build.0 = Debug|Any CPU
		{38130202-C00E-40D6-B462-5750D57C4598}.Release|Any CPU.ActiveCfg = Release|Any CPU
		{38130202-C00E-40D6-B462-5750D57C4598}.Release|Any CPU.Build.0 = Release|Any CPU
	EndGlobalSection
EndGlobal
